
Microsoft Visual Studio Solution File, Format Version 12.00
# Visual Studio Version 16
VisualStudioVersion = 16.0.30717.126
MinimumVisualStudioVersion = 10.0.40219.1
Project("{FAE04EC0-301F-11D3-BF4B-00C04F79EFBC}") = "ConsoleApp1", "ConsoleApp1\ConsoleApp1.csproj", "{84482733-F5D3-4815-B1AC-C4149CDFC378}"
EndProject
Global
	GlobalSection(SolutionConfigurationPlatforms) = preSolution
		Debug|Any CPU = Debug|Any CPU
		Release|Any CPU = Release|Any CPU
	EndGlobalSection
	GlobalSection(ProjectConfigurationPlatforms) = postSolution
		{84482733-F5D3-4815-B1AC-C4149CDFC378}.Debug|Any CPU.ActiveCfg = Debug|Any CPU
		{84482733-F5D3-4815-B1AC-C4149CDFC378}.Debug|Any CPU.Build.0 = Debug|Any CPU
		{84482733-F5D3-4815-B1AC-C4149CDFC378}.Release|Any CPU.ActiveCfg = Release|Any CPU
		{84482733-F5D3-4815-B1AC-C4149CDFC378}.Release|Any CPU.Build.0 = Release|Any CPU
	EndGlobalSection
	GlobalSection(SolutionProperties) = preSolution
		HideSolutionNode = FALSE
	EndGlobalSection
	GlobalSection(ExtensibilityGlobals) = postSolution
		SolutionGuid = {3D9DC4F8-8F2B-405E-8A1A-162776243289}
	EndGlobalSection
EndGlobal
